
Microsoft Visual Studio Solution File, Format Version 12.00
# Visual Studio Version 17
VisualStudioVersion = 17.0.31903.59
MinimumVisualStudioVersion = 10.0.40219.1
Project("{FAE04EC0-301F-11D3-BF4B-00C04F79EFBC}") = "EvernoteClone", "EvernoteClone\EvernoteClone.csproj", "{1712D14D-7E48-469D-80A1-D8F826F4D63B}"
EndProject
Global
	GlobalSection(SolutionConfigurationPlatforms) = preSolution
		Debug|Any CPU = Debug|Any CPU
		Release|Any CPU = Release|Any CPU
	EndGlobalSection
	GlobalSection(ProjectConfigurationPlatforms) = postSolution
		{1712D14D-7E48-469D-80A1-D8F826F4D63B}.Debug|Any CPU.ActiveCfg = Debug|Any CPU
		{1712D14D-7E48-469D-80A1-D8F826F4D63B}.Debug|Any CPU.Build.0 = Debug|Any CPU
		{1712D14D-7E48-469D-80A1-D8F826F4D63B}.Release|Any CPU.ActiveCfg = Release|Any CPU
		{1712D14D-7E48-469D-80A1-D8F826F4D63B}.Release|Any CPU.Build.0 = Release|Any CPU
	EndGlobalSection
	GlobalSection(SolutionProperties) = preSolution
		HideSolutionNode = FALSE
	EndGlobalSection
	GlobalSection(ExtensibilityGlobals) = postSolution
		SolutionGuid = {B2E31C26-6BE2-45F8-87C4-80D4A0742629}
	EndGlobalSection
EndGlobal
