
Microsoft Visual Studio Solution File, Format Version 12.00
# Visual Studio Version 17
VisualStudioVersion = 17.0.31903.59
MinimumVisualStudioVersion = 10.0.40219.1
Project("{FAE04EC0-301F-11D3-BF4B-00C04F79EFBC}") = "AccuWeatherApp", "AccuWeatherApp\AccuWeatherApp.csproj", "{FC436AC8-A2F6-49F2-A9F2-2DD4AAF1267D}"
EndProject
Global
	GlobalSection(SolutionConfigurationPlatforms) = preSolution
		Debug|Any CPU = Debug|Any CPU
		Release|Any CPU = Release|Any CPU
	EndGlobalSection
	GlobalSection(ProjectConfigurationPlatforms) = postSolution
		{FC436AC8-A2F6-49F2-A9F2-2DD4AAF1267D}.Debug|Any CPU.ActiveCfg = Debug|Any CPU
		{FC436AC8-A2F6-49F2-A9F2-2DD4AAF1267D}.Debug|Any CPU.Build.0 = Debug|Any CPU
		{FC436AC8-A2F6-49F2-A9F2-2DD4AAF1267D}.Release|Any CPU.ActiveCfg = Release|Any CPU
		{FC436AC8-A2F6-49F2-A9F2-2DD4AAF1267D}.Release|Any CPU.Build.0 = Release|Any CPU
	EndGlobalSection
	GlobalSection(SolutionProperties) = preSolution
		HideSolutionNode = FALSE
	EndGlobalSection
	GlobalSection(ExtensibilityGlobals) = postSolution
		SolutionGuid = {FBB628D9-6B72-437E-A23C-727EC0907D53}
	EndGlobalSection
EndGlobal
